# THIS IS AN AUTOGENERATED FILE. DO NOT EDIT THIS FILE DIRECTLY.
# yarn lockfile v1


"@furystack/core@^6.0.5", "@furystack/core@^6.0.8":
  version "6.0.8"
  resolved "https://registry.yarnpkg.com/@furystack/core/-/core-6.0.8.tgz#f1a512cad02f4ec398083fff066048e840e7f3f2"
  integrity sha512-1qu2Fz3VeGjKRtwCV8LUxYvUWldDXLgDFSS053Vfr/KtmM8yjN4foSAZY+KxwHJF9B7lqHvVUPfxoKbeUyBw4g==
  dependencies:
    "@furystack/inject" "^4.0.4"
    "@furystack/logging" "^2.0.10"
    "@furystack/utils" "^1.1.0"
    semaphore-async-await "^1.5.1"

"@furystack/http-api@^5.3.3", "@furystack/http-api@^5.3.6":
  version "5.3.6"
  resolved "https://registry.yarnpkg.com/@furystack/http-api/-/http-api-5.3.6.tgz#91456a82470a212cf702c94a828aaab5c86c976b"
  integrity sha512-OOZlloQW/iTwmwjV33obMvNPAKCXkbCHreF/vLGXdv/aeNMMh0LmGPtBWbzLVo31donfISfYjY8xrJXkgtdEGA==
  dependencies:
    "@furystack/core" "^6.0.8"
    "@furystack/inject" "^4.0.4"
    "@furystack/logging" "^2.0.10"
    "@furystack/utils" "^1.1.0"
    hash.js "^1.1.7"
    uuid "^3.3.2"

"@furystack/inject@^4.0.4":
  version "4.0.4"
  resolved "https://registry.yarnpkg.com/@furystack/inject/-/inject-4.0.4.tgz#208debf85862dca800fa55668a40e0a1cfd2b45a"
  integrity sha512-tWJpFUf6VKEh+RvpeNnHgLtlxltsxJXN+NGWngIdsglNXF/2kBpOtaaQkBD28BMfRRI/BmFsEoqvhJFlsKJdZA==
  dependencies:
    "@furystack/utils" "^1.1.0"
    reflect-metadata "^0.1.13"

"@furystack/logging@^2.0.10":
  version "2.0.10"
  resolved "https://registry.yarnpkg.com/@furystack/logging/-/logging-2.0.10.tgz#e04c6dbfce5f9696fc04905aff9c3fcb311d658d"
  integrity sha512-yJ7sch4htEo0nX0yjijTXiAJYwJDlgpROucZg3+tsMTgTGExRmzrWHwl62t12FmBA4kKYR2W5Ms+uTHc6cijXg==
  dependencies:
    "@furystack/inject" "^4.0.4"

"@furystack/odata@^2.1.5":
  version "2.1.8"
  resolved "https://registry.yarnpkg.com/@furystack/odata/-/odata-2.1.8.tgz#883c3348713cebccd72a57e6fbc96ba4d89cf0d9"
  integrity sha512-Zuoq9OhVCSHNDgLbFyOS2W0yHToa5W7tS+h63q+16p52S3J8HhYmrwuXnhbE8J6Nz6C9jJHJ5JWdArW1KNxElg==
  dependencies:
    "@furystack/core" "^6.0.8"
    "@furystack/http-api" "^5.3.6"
    "@furystack/inject" "^4.0.4"
    "@furystack/repository" "^2.0.11"
    "@furystack/utils" "^1.1.0"

"@furystack/repository@^2.0.11", "@furystack/repository@^2.0.8":
  version "2.0.11"
  resolved "https://registry.yarnpkg.com/@furystack/repository/-/repository-2.0.11.tgz#bb5d15786ad13a57dfba397e131e3907f0af30e4"
  integrity sha512-m3jF3o3QngdxPTbOmZr5j0WDK7NFUSFAKGWjTqxm6q3vIMgxn0wNhNNVqxhDGR+dCt3Ghq1UhqtmMZEb2KtNBg==
  dependencies:
    "@furystack/core" "^6.0.8"
    "@furystack/inject" "^4.0.4"
    "@furystack/utils" "^1.1.0"

"@furystack/utils@^1.1.0":
  version "1.1.0"
  resolved "https://registry.yarnpkg.com/@furystack/utils/-/utils-1.1.0.tgz#6352d0285a33f262c50049076d3db8e6cc8308e5"
  integrity sha512-yuz7g94iR6TxW4OsROnRllJA6zvHOYq4EHAxXb6UOfcaGtdvnU37ByT089QbPhikuv94UL3i2jBqM9xiXa6LZQ==

"@types/node@^12.12.7":
  version "12.12.17"
  resolved "https://registry.yarnpkg.com/@types/node/-/node-12.12.17.tgz#191b71e7f4c325ee0fb23bc4a996477d92b8c39b"
  integrity sha512-Is+l3mcHvs47sKy+afn2O1rV4ldZFU7W8101cNlOd+MRbjM4Onida8jSZnJdTe/0Pcf25g9BNIUsuugmE6puHA==

arg@^4.1.0:
  version "4.1.2"
  resolved "https://registry.yarnpkg.com/arg/-/arg-4.1.2.tgz#e70c90579e02c63d80e3ad4e31d8bfdb8bd50064"
  integrity sha512-+ytCkGcBtHZ3V2r2Z06AncYO8jz46UEamcspGoU8lHcEbpn6J77QK0vdWvChsclg/tM5XIJC5tnjmPp7Eq6Obg==

buffer-from@^1.0.0:
  version "1.1.1"
  resolved "https://registry.yarnpkg.com/buffer-from/-/buffer-from-1.1.1.tgz#32713bc028f75c02fdb710d7c7bcec1f2c6070ef"
  integrity sha512-MQcXEUbCKtEo7bhqEs6560Hyd4XaovZlO/k9V3hjVUF/zwW7KBVdSK4gIt/bzwS9MbR5qob+F5jusZsb0YQK2A==

diff@^4.0.1:
  version "4.0.1"
  resolved "https://registry.yarnpkg.com/diff/-/diff-4.0.1.tgz#0c667cb467ebbb5cea7f14f135cc2dba7780a8ff"
  integrity sha512-s2+XdvhPCOF01LRQBC8hf4vhbVmI2CGS5aZnxLJlT5FtdhPCDFq80q++zK2KlrVorVDdL5BOGZ/VfLrVtYNF+Q==

hash.js@^1.1.7:
  version "1.1.7"
  resolved "https://registry.yarnpkg.com/hash.js/-/hash.js-1.1.7.tgz#0babca538e8d4ee4a0f8988d68866537a003cf42"
  integrity sha512-taOaskGt4z4SOANNseOviYDvjEJinIkRgmp7LbKP2YTTmVxWBl87s/uzK9r+44BclBSp2X7K1hqeNfz9JbBeXA==
  dependencies:
    inherits "^2.0.3"
    minimalistic-assert "^1.0.1"

inherits@^2.0.3:
  version "2.0.4"
  resolved "https://registry.yarnpkg.com/inherits/-/inherits-2.0.4.tgz#0fa2c64f932917c3433a0ded55363aae37416b7c"
  integrity sha512-k/vGaX4/Yla3WzyMCvTQOXYeIHvqOKtnqBduzTHpzpQZzAskKMhZ2K+EnBiSM9zGSoIFeMpXKxa4dYeZIQqewQ==

make-error@^1.1.1:
  version "1.3.5"
  resolved "https://registry.yarnpkg.com/make-error/-/make-error-1.3.5.tgz#efe4e81f6db28cadd605c70f29c831b58ef776c8"
  integrity sha512-c3sIjNUow0+8swNwVpqoH4YCShKNFkMaw6oH1mNS2haDZQqkeZFlHS3dhoeEbKKmJB4vXpJucU6oH75aDYeE9g==

minimalistic-assert@^1.0.1:
  version "1.0.1"
  resolved "https://registry.yarnpkg.com/minimalistic-assert/-/minimalistic-assert-1.0.1.tgz#2e194de044626d4a10e7f7fbc00ce73e83e4d5c7"
  integrity sha512-UtJcAD4yEaGtjPezWuO9wC4nwUnVH/8/Im3yEHQP4b67cXlD/Qr9hdITCU1xDbSEXg2XKNaP8jsReV7vQd00/A==

reflect-metadata@^0.1.13:
  version "0.1.13"
  resolved "https://registry.yarnpkg.com/reflect-metadata/-/reflect-metadata-0.1.13.tgz#67ae3ca57c972a2aa1642b10fe363fe32d49dc08"
  integrity sha512-Ts1Y/anZELhSsjMcU605fU9RE4Oi3p5ORujwbIKXfWa+0Zxs510Qrmrce5/Jowq3cHSZSJqBjypxmHarc+vEWg==

semaphore-async-await@^1.5.1:
  version "1.5.1"
  resolved "https://registry.yarnpkg.com/semaphore-async-await/-/semaphore-async-await-1.5.1.tgz#857bef5e3644601ca4b9570b87e9df5ca12974fa"
  integrity sha1-hXvvXjZEYBykuVcLh+nfXKEpdPo=

source-map-support@^0.5.6:
  version "0.5.16"
  resolved "https://registry.yarnpkg.com/source-map-support/-/source-map-support-0.5.16.tgz#0ae069e7fe3ba7538c64c98515e35339eac5a042"
  integrity sha512-efyLRJDr68D9hBBNIPWFjhpFzURh+KJykQwvMyW5UiZzYwoF6l4YMMDIJJEyFWxWCqfyxLzz6tSfUFR+kXXsVQ==
  dependencies:
    buffer-from "^1.0.0"
    source-map "^0.6.0"

source-map@^0.6.0:
  version "0.6.1"
  resolved "https://registry.yarnpkg.com/source-map/-/source-map-0.6.1.tgz#74722af32e9614e9c287a8d0bbde48b5e2f1a263"
  integrity sha512-UjgapumWlbMhkBgzT7Ykc5YXUT46F0iKu8SGXq0bcwP5dz/h0Plj6enJqjz1Zbq2l5WaqYnrVbwWOWMyF3F47g==

ts-node@^8.4.1:
  version "8.5.4"
  resolved "https://registry.yarnpkg.com/ts-node/-/ts-node-8.5.4.tgz#a152add11fa19c221d0b48962c210cf467262ab2"
  integrity sha512-izbVCRV68EasEPQ8MSIGBNK9dc/4sYJJKYA+IarMQct1RtEot6Xp0bXuClsbUSnKpg50ho+aOAx8en5c+y4OFw==
  dependencies:
    arg "^4.1.0"
    diff "^4.0.1"
    make-error "^1.1.1"
    source-map-support "^0.5.6"
    yn "^3.0.0"

tslib@^1.10.0:
  version "1.10.0"
  resolved "https://registry.yarnpkg.com/tslib/-/tslib-1.10.0.tgz#c3c19f95973fb0a62973fb09d90d961ee43e5c8a"
  integrity sha512-qOebF53frne81cf0S9B41ByenJ3/IuH8yJKngAX35CmiZySA0khhkovshKK+jGCaMnVomla7gVlIcc3EvKPbTQ==

typescript@^3.7.2:
  version "3.7.3"
  resolved "https://registry.yarnpkg.com/typescript/-/typescript-3.7.3.tgz#b36840668a16458a7025b9eabfad11b66ab85c69"
  integrity sha512-Mcr/Qk7hXqFBXMN7p7Lusj1ktCBydylfQM/FZCk5glCNQJrCUKPkMHdo9R0MTFWsC/4kPFvDS0fDPvukfCkFsw==

uuid@^3.3.2:
  version "3.3.3"
  resolved "https://registry.yarnpkg.com/uuid/-/uuid-3.3.3.tgz#4568f0216e78760ee1dbf3a4d2cf53e224112866"
  integrity sha512-pW0No1RGHgzlpHJO1nsVrHKpOEIxkGg1xB+v0ZmdNH5OAeAwzAVrCnI2/6Mtx+Uys6iaylxa+D3g4j63IKKjSQ==

yn@^3.0.0:
  version "3.1.1"
  resolved "https://registry.yarnpkg.com/yn/-/yn-3.1.1.tgz#1e87401a09d767c1d5eab26a6e4c185182d2eb50"
  integrity sha512-Ux4ygGWsu2c7isFWe8Yu1YluJmqVhxqK2cLXNQA5AcC3QfbGNpM7fu0Y8b/z16pXLnFxZYvWhd3fhBY9DLmC6Q==
